
Microsoft Visual Studio Solution File, Format Version 12.00
# Visual Studio 15
VisualStudioVersion = 15.0.28307.960
MinimumVisualStudioVersion = 10.0.40219.1
Project("{FAE04EC0-301F-11D3-BF4B-00C04F79EFBC}") = "ps.module.common", "ps.module.common\ps.module.common.csproj", "{AFC99E7D-8E68-46F7-BDDF-641A91E5E70E}"
EndProject
Project("{FAE04EC0-301F-11D3-BF4B-00C04F79EFBC}") = "ps.module.DAL", "ps.module.DAL\ps.module.DAL.csproj", "{0D746758-94D1-409B-9FEC-FB40BA32EBC1}"
EndProject
Project("{FAE04EC0-301F-11D3-BF4B-00C04F79EFBC}") = "ps.module.Model", "ps.module.Model\ps.module.Model.csproj", "{CAB67FE9-5665-4747-A8B5-42E3239EEC6D}"
EndProject
Project("{FAE04EC0-301F-11D3-BF4B-00C04F79EFBC}") = "ps.module.BLL", "ps.module.BLL\ps.module.BLL.csproj", "{09632ADC-D4D3-4E9D-B35F-9316D1E7272F}"
EndProject
Project("{FAE04EC0-301F-11D3-BF4B-00C04F79EFBC}") = "ps.module.IBLL", "ps.module.IBLL\ps.module.IBLL.csproj", "{58D3A72B-F4CD-42CE-9810-727F2A40211E}"
EndProject
Project("{FAE04EC0-301F-11D3-BF4B-00C04F79EFBC}") = "ps.module.IDAL", "ps.module.IDAL\ps.module.IDAL.csproj", "{F89124F4-6CCC-434B-A50A-B3A8B77CC829}"
EndProject
Project("{FAE04EC0-301F-11D3-BF4B-00C04F79EFBC}") = "ps.module.DALFactory", "ps.module.DALFactory\ps.module.DALFactory.csproj", "{0D711A7C-28B6-4B6C-9CDB-80C995F9AADC}"
EndProject
Project("{FAE04EC0-301F-11D3-BF4B-00C04F79EFBC}") = "ps.Web", "ps.Web\ps.Web.csproj", "{5EE75F68-AB9C-4D31-AD64-2E99F70DFFDE}"
EndProject
Project("{FAE04EC0-301F-11D3-BF4B-00C04F79EFBC}") = "ps.Web.Api", "ps.Web.Api\ps.Web.Api.csproj", "{ACDE4BBB-9520-4ABE-9DE8-A3A1345E8417}"
EndProject
Global
	GlobalSection(SolutionConfigurationPlatforms) = preSolution
		Debug|Any CPU = Debug|Any CPU
		Release|Any CPU = Release|Any CPU
	EndGlobalSection
	GlobalSection(ProjectConfigurationPlatforms) = postSolution
		{AFC99E7D-8E68-46F7-BDDF-641A91E5E70E}.Debug|Any CPU.ActiveCfg = Debug|Any CPU
		{AFC99E7D-8E68-46F7-BDDF-641A91E5E70E}.Debug|Any CPU.Build.0 = Debug|Any CPU
		{AFC99E7D-8E68-46F7-BDDF-641A91E5E70E}.Release|Any CPU.ActiveCfg = Release|Any CPU
		{AFC99E7D-8E68-46F7-BDDF-641A91E5E70E}.Release|Any CPU.Build.0 = Release|Any CPU
		{0D746758-94D1-409B-9FEC-FB40BA32EBC1}.Debug|Any CPU.ActiveCfg = Debug|Any CPU
		{0D746758-94D1-409B-9FEC-FB40BA32EBC1}.Debug|Any CPU.Build.0 = Debug|Any CPU
		{0D746758-94D1-409B-9FEC-FB40BA32EBC1}.Release|Any CPU.ActiveCfg = Release|Any CPU
		{0D746758-94D1-409B-9FEC-FB40BA32EBC1}.Release|Any CPU.Build.0 = Release|Any CPU
		{CAB67FE9-5665-4747-A8B5-42E3239EEC6D}.Debug|Any CPU.ActiveCfg = Debug|Any CPU
		{CAB67FE9-5665-4747-A8B5-42E3239EEC6D}.Debug|Any CPU.Build.0 = Debug|Any CPU
		{CAB67FE9-5665-4747-A8B5-42E3239EEC6D}.Release|Any CPU.ActiveCfg = Release|Any CPU
		{CAB67FE9-5665-4747-A8B5-42E3239EEC6D}.Release|Any CPU.Build.0 = Release|Any CPU
		{09632ADC-D4D3-4E9D-B35F-9316D1E7272F}.Debug|Any CPU.ActiveCfg = Debug|Any CPU
		{09632ADC-D4D3-4E9D-B35F-9316D1E7272F}.Debug|Any CPU.Build.0 = Debug|Any CPU
		{09632ADC-D4D3-4E9D-B35F-9316D1E7272F}.Release|Any CPU.ActiveCfg = Release|Any CPU
		{09632ADC-D4D3-4E9D-B35F-9316D1E7272F}.Release|Any CPU.Build.0 = Release|Any CPU
		{58D3A72B-F4CD-42CE-9810-727F2A40211E}.Debug|Any CPU.ActiveCfg = Debug|Any CPU
		{58D3A72B-F4CD-42CE-9810-727F2A40211E}.Debug|Any CPU.Build.0 = Debug|Any CPU
		{58D3A72B-F4CD-42CE-9810-727F2A40211E}.Release|Any CPU.ActiveCfg = Release|Any CPU
		{58D3A72B-F4CD-42CE-9810-727F2A40211E}.Release|Any CPU.Build.0 = Release|Any CPU
		{F89124F4-6CCC-434B-A50A-B3A8B77CC829}.Debug|Any CPU.ActiveCfg = Debug|Any CPU
		{F89124F4-6CCC-434B-A50A-B3A8B77CC829}.Debug|Any CPU.Build.0 = Debug|Any CPU
		{F89124F4-6CCC-434B-A50A-B3A8B77CC829}.Release|Any CPU.ActiveCfg = Release|Any CPU
		{F89124F4-6CCC-434B-A50A-B3A8B77CC829}.Release|Any CPU.Build.0 = Release|Any CPU
		{0D711A7C-28B6-4B6C-9CDB-80C995F9AADC}.Debug|Any CPU.ActiveCfg = Debug|Any CPU
		{0D711A7C-28B6-4B6C-9CDB-80C995F9AADC}.Debug|Any CPU.Build.0 = Debug|Any CPU
		{0D711A7C-28B6-4B6C-9CDB-80C995F9AADC}.Release|Any CPU.ActiveCfg = Release|Any CPU
		{0D711A7C-28B6-4B6C-9CDB-80C995F9AADC}.Release|Any CPU.Build.0 = Release|Any CPU
		{5EE75F68-AB9C-4D31-AD64-2E99F70DFFDE}.Debug|Any CPU.ActiveCfg = Debug|Any CPU
		{5EE75F68-AB9C-4D31-AD64-2E99F70DFFDE}.Debug|Any CPU.Build.0 = Debug|Any CPU
		{5EE75F68-AB9C-4D31-AD64-2E99F70DFFDE}.Release|Any CPU.ActiveCfg = Release|Any CPU
		{5EE75F68-AB9C-4D31-AD64-2E99F70DFFDE}.Release|Any CPU.Build.0 = Release|Any CPU
		{ACDE4BBB-9520-4ABE-9DE8-A3A1345E8417}.Debug|Any CPU.ActiveCfg = Debug|Any CPU
		{ACDE4BBB-9520-4ABE-9DE8-A3A1345E8417}.Debug|Any CPU.Build.0 = Debug|Any CPU
		{ACDE4BBB-9520-4ABE-9DE8-A3A1345E8417}.Release|Any CPU.ActiveCfg = Release|Any CPU
		{ACDE4BBB-9520-4ABE-9DE8-A3A1345E8417}.Release|Any CPU.Build.0 = Release|Any CPU
	EndGlobalSection
	GlobalSection(SolutionProperties) = preSolution
		HideSolutionNode = FALSE
	EndGlobalSection
	GlobalSection(ExtensibilityGlobals) = postSolution
		SolutionGuid = {A485D287-CD25-4DBB-A882-3F82AF759991}
	EndGlobalSection
EndGlobal
